
Microsoft Visual Studio Solution File, Format Version 12.00
# Visual Studio 15
Project("{FAE04EC0-301F-11D3-BF4B-00C04F79EFBC}") = "NaughtyAttributes.Test", "NaughtyAttributes.Test.csproj", "{B848A2F1-4B08-F455-25C6-A3D3B23A1D00}"
EndProject
Project("{FAE04EC0-301F-11D3-BF4B-00C04F79EFBC}") = "Assembly-CSharp", "Assembly-CSharp.csproj", "{DF27587E-4707-F0C7-0D1E-95E6F487F51B}"
EndProject
Project("{FAE04EC0-301F-11D3-BF4B-00C04F79EFBC}") = "NaughtyAttributes.Core", "NaughtyAttributes.Core.csproj", "{86EE96C2-C12F-EF13-F7CE-682F82F656F9}"
EndProject
Project("{FAE04EC0-301F-11D3-BF4B-00C04F79EFBC}") = "NaughtyAttributes.Editor", "NaughtyAttributes.Editor.csproj", "{0C6C58FE-1745-D7ED-ECB2-5A3781C83A14}"
EndProject
Project("{FAE04EC0-301F-11D3-BF4B-00C04F79EFBC}") = "Assembly-CSharp-Editor", "Assembly-CSharp-Editor.csproj", "{43F10625-BAC6-3A53-6371-591299ED7C82}"
EndProject
Project("{FAE04EC0-301F-11D3-BF4B-00C04F79EFBC}") = "RotaryHeart", "RotaryHeart.csproj", "{F7A7A7A3-4E68-BAB7-17CD-F53FB745684C}"
EndProject
Global
	GlobalSection(SolutionConfigurationPlatforms) = preSolution
		Debug|Any CPU = Debug|Any CPU
		Release|Any CPU = Release|Any CPU
	EndGlobalSection
	GlobalSection(ProjectConfigurationPlatforms) = postSolution
		{B848A2F1-4B08-F455-25C6-A3D3B23A1D00}.Debug|Any CPU.ActiveCfg = Debug|Any CPU
		{B848A2F1-4B08-F455-25C6-A3D3B23A1D00}.Debug|Any CPU.Build.0 = Debug|Any CPU
		{B848A2F1-4B08-F455-25C6-A3D3B23A1D00}.Release|Any CPU.ActiveCfg = Release|Any CPU
		{B848A2F1-4B08-F455-25C6-A3D3B23A1D00}.Release|Any CPU.Build.0 = Release|Any CPU
		{DF27587E-4707-F0C7-0D1E-95E6F487F51B}.Debug|Any CPU.ActiveCfg = Debug|Any CPU
		{DF27587E-4707-F0C7-0D1E-95E6F487F51B}.Debug|Any CPU.Build.0 = Debug|Any CPU
		{DF27587E-4707-F0C7-0D1E-95E6F487F51B}.Release|Any CPU.ActiveCfg = Release|Any CPU
		{DF27587E-4707-F0C7-0D1E-95E6F487F51B}.Release|Any CPU.Build.0 = Release|Any CPU
		{86EE96C2-C12F-EF13-F7CE-682F82F656F9}.Debug|Any CPU.ActiveCfg = Debug|Any CPU
		{86EE96C2-C12F-EF13-F7CE-682F82F656F9}.Debug|Any CPU.Build.0 = Debug|Any CPU
		{86EE96C2-C12F-EF13-F7CE-682F82F656F9}.Release|Any CPU.ActiveCfg = Release|Any CPU
		{86EE96C2-C12F-EF13-F7CE-682F82F656F9}.Release|Any CPU.Build.0 = Release|Any CPU
		{0C6C58FE-1745-D7ED-ECB2-5A3781C83A14}.Debug|Any CPU.ActiveCfg = Debug|Any CPU
		{0C6C58FE-1745-D7ED-ECB2-5A3781C83A14}.Debug|Any CPU.Build.0 = Debug|Any CPU
		{0C6C58FE-1745-D7ED-ECB2-5A3781C83A14}.Release|Any CPU.ActiveCfg = Release|Any CPU
		{0C6C58FE-1745-D7ED-ECB2-5A3781C83A14}.Release|Any CPU.Build.0 = Release|Any CPU
		{43F10625-BAC6-3A53-6371-591299ED7C82}.Debug|Any CPU.ActiveCfg = Debug|Any CPU
		{43F10625-BAC6-3A53-6371-591299ED7C82}.Debug|Any CPU.Build.0 = Debug|Any CPU
		{43F10625-BAC6-3A53-6371-591299ED7C82}.Release|Any CPU.ActiveCfg = Release|Any CPU
		{43F10625-BAC6-3A53-6371-591299ED7C82}.Release|Any CPU.Build.0 = Release|Any CPU
		{F7A7A7A3-4E68-BAB7-17CD-F53FB745684C}.Debug|Any CPU.ActiveCfg = Debug|Any CPU
		{F7A7A7A3-4E68-BAB7-17CD-F53FB745684C}.Debug|Any CPU.Build.0 = Debug|Any CPU
		{F7A7A7A3-4E68-BAB7-17CD-F53FB745684C}.Release|Any CPU.ActiveCfg = Release|Any CPU
		{F7A7A7A3-4E68-BAB7-17CD-F53FB745684C}.Release|Any CPU.Build.0 = Release|Any CPU
	EndGlobalSection
	GlobalSection(SolutionProperties) = preSolution
		HideSolutionNode = FALSE
	EndGlobalSection
EndGlobal
